# This file is automatically @generated by Cargo.
# It is not intended for manual editing.
version = 4

[[package]]
name = "graphitesql"
version = "0.1.7"

[[package]]
name = "ish-android-rs"
version = "0.1.0"
dependencies = [
 "ish-emu",
]

[[package]]
name = "ish-emu"
version = "0.1.0"
dependencies = [
 "graphitesql",
 "memmap2",
]

[[package]]
name = "libc"
version = "0.2.151"

[[package]]
name = "memmap2"
version = "0.9.11"
dependencies = [
 "libc",
]
